{
    "requires": true,
    "lockfileVersion": 1,
    "dependencies": {
        "@babel/runtime": {
            "version": "7.1.2",
            "resolved": "https://registry.npmjs.org/@babel/runtime/-/runtime-7.1.2.tgz",
            "integrity": "sha512-Y3SCjmhSupzFB6wcv1KmmFucH6gDVnI30WjOcicV10ju0cZjak3Jcs67YLIXBrmZYw1xCrVeJPbycFwrqNyxpg==",
            "requires": {
                "regenerator-runtime": "^0.12.0"
            },
            "dependencies": {
                "regenerator-runtime": {
                    "version": "0.12.1",
                    "resolved": "https://registry.npmjs.org/regenerator-runtime/-/regenerator-runtime-0.12.1.tgz",
                    "integrity": "sha512-odxIc1/vDlo4iZcfXqRYFj0vpXFNoGdKMAUieAlFYO6m/nl5e9KR/beGf41z4a1FI+aQgtjhuaSlDxQ0hmkrHg=="
                }
            }
        },
        "@popperjs/core": {
            "version": "2.11.6",
            "resolved": "https://registry.npmjs.org/@popperjs/core/-/core-2.11.6.tgz",
            "integrity": "sha512-50/17A98tWUfQ176raKiOGXuYpLyyVMkxxG6oylzL3BPOlA6ADGdK7EYunSa4I064xerltq9TGXs8HmOk5E+vw=="
        },
        "@restart/context": {
            "version": "2.1.4",
            "resolved": "https://registry.npmjs.org/@restart/context/-/context-2.1.4.tgz",
            "integrity": "sha512-INJYZQJP7g+IoDUh/475NlGiTeMfwTXUEr3tmRneckHIxNolGOW9CTq83S8cxq0CgJwwcMzMJFchxvlwe7Rk8Q=="
        },
        "@restart/hooks": {
            "version": "0.4.7",
            "resolved": "https://registry.npmjs.org/@restart/hooks/-/hooks-0.4.7.tgz",
            "integrity": "sha512-ZbjlEHcG+FQtpDPHd7i4FzNNvJf2enAwZfJbpM8CW7BhmOAbsHpZe3tsHwfQUrBuyrxWqPYp2x5UMnilWcY22A==",
            "requires": {
                "dequal": "^2.0.2"
            }
        },
        "@types/invariant": {
            "version": "2.2.35",
            "resolved": "https://registry.npmjs.org/@types/invariant/-/invariant-2.2.35.tgz",
            "integrity": "sha512-DxX1V9P8zdJPYQat1gHyY0xj3efl8gnMVjiM9iCY6y27lj+PoQWkgjt8jDqmovPqULkKVpKRg8J36iQiA+EtEg=="
        },
        "@types/prop-types": {
            "version": "15.7.5",
            "resolved": "https://registry.npmjs.org/@types/prop-types/-/prop-types-15.7.5.tgz",
            "integrity": "sha512-JCB8C6SnDoQf0cNycqd/35A7MjcnK+ZTqE7judS6o7utxUCg6imJg3QK2qzHKszlTjcj2cn+NwMB2i96ubpj7w=="
        },
        "@types/react": {
            "version": "18.0.18",
            "resolved": "https://registry.npmjs.org/@types/react/-/react-18.0.18.tgz",
            "integrity": "sha512-6hI08umYs6NaiHFEEGioXnxJ+oEhY3eRz8VCUaudZmGdtvPviCJB8mgaMxaDWAdPSYd4eFavrPk2QIolwbLYrg==",
            "requires": {
                "@types/prop-types": "*",
                "@types/scheduler": "*",
                "csstype": "^3.0.2"
            }
        },
        "@types/react-table": {
            "version": "6.8.9",
            "resolved": "https://registry.npmjs.org/@types/react-table/-/react-table-6.8.9.tgz",
            "integrity": "sha512-fVQXjy/EYDbgraScgjDONA291McKqGrw0R0NeK639fx2bS4T19TnXMjg3FjOPlkI3qYTQtFTPADlRYysaQIMpA==",
            "requires": {
                "@types/react": "*"
            }
        },
        "@types/react-transition-group": {
            "version": "4.4.5",
            "resolved": "https://registry.npmjs.org/@types/react-transition-group/-/react-transition-group-4.4.5.tgz",
            "integrity": "sha512-juKD/eiSM3/xZYzjuzH6ZwpP+/lejltmiS3QEzV/vmb/Q8+HfDmxu+Baga8UEMGBqV88Nbg4l2hY/K2DkyaLLA==",
            "requires": {
                "@types/react": "*"
            }
        },
        "@types/scheduler": {
            "version": "0.16.2",
            "resolved": "https://registry.npmjs.org/@types/scheduler/-/scheduler-0.16.2.tgz",
            "integrity": "sha512-hppQEBDmlwhFAXKJX2KnWLYu5yMfi91yazPb2l+lbJiwW+wdo1gNeRA+3RgNSO39WYX2euey41KEwnqesU2Jew=="
        },
        "@types/warning": {
            "version": "3.0.0",
            "resolved": "https://registry.npmjs.org/@types/warning/-/warning-3.0.0.tgz",
            "integrity": "sha512-t/Tvs5qR47OLOr+4E9ckN8AmP2Tf16gWq+/qA4iUGS/OOyHVO8wv2vjJuX8SNOUTJyWb+2t7wJm6cXILFnOROA=="
        },
        "asap": {
            "version": "2.0.6",
            "resolved": "https://registry.npmjs.org/asap/-/asap-2.0.6.tgz",
            "integrity": "sha1-5QNHYR1+aQlDIIu9r+vLwvuGbUY="
        },
        "attr-accept": {
            "version": "1.1.3",
            "resolved": "https://registry.npmjs.org/attr-accept/-/attr-accept-1.1.3.tgz",
            "integrity": "sha512-iT40nudw8zmCweivz6j58g+RT33I4KbaIvRUhjNmDwO2WmsQUxFEZZYZ5w3vXe5x5MX9D7mfvA/XaLOZYFR9EQ==",
            "requires": {
                "core-js": "^2.5.0"
            }
        },
        "axios": {
            "version": "0.18.1",
            "resolved": "https://registry.npmjs.org/axios/-/axios-0.18.1.tgz",
            "integrity": "sha512-0BfJq4NSfQXd+SkFdrvFbG7addhYSBA2mQwISr46pD6E5iqkWg02RAs8vyTT/j0RTnoYmeXauBuSv1qKwR179g==",
            "dev": true,
            "requires": {
                "follow-redirects": "1.5.10",
                "is-buffer": "^2.0.2"
            },
            "dependencies": {
                "follow-redirects": {
                    "version": "1.5.10",
                    "resolved": "https://registry.npmjs.org/follow-redirects/-/follow-redirects-1.5.10.tgz",
                    "integrity": "sha512-0V5l4Cizzvqt5D44aTXbFZz+FtyXV1vrDN6qrelxtfYQKW0KO0W2T/hkE8xvGa/540LkZlkaUjO4ailYTFtHVQ==",
                    "dev": true,
                    "requires": {
                        "debug": "=3.1.0"
                    }
                },
                "is-buffer": {
                    "version": "2.0.3",
                    "resolved": "https://registry.npmjs.org/is-buffer/-/is-buffer-2.0.3.tgz",
                    "integrity": "sha512-U15Q7MXTuZlrbymiz95PJpZxu8IlipAp4dtS3wOdgPXx3mqBnslrWU14kxfHB+Py/+2PVKSr37dMAgM2A4uArw==",
                    "dev": true
                }
            }
        },
        "babel-helper-builder-react-jsx": {
            "version": "6.26.0",
            "resolved": "https://registry.npmjs.org/babel-helper-builder-react-jsx/-/babel-helper-builder-react-jsx-6.26.0.tgz",
            "integrity": "sha1-Of+DE7dci2Xc7/HzHTg+D/KkCKA=",
            "dev": true,
            "requires": {
                "babel-runtime": "^6.26.0",
                "babel-types": "^6.26.0",
                "esutils": "^2.0.2"
            }
        },
        "babel-plugin-syntax-flow": {
            "version": "6.18.0",
            "resolved": "https://registry.npmjs.org/babel-plugin-syntax-flow/-/babel-plugin-syntax-flow-6.18.0.tgz",
            "integrity": "sha1-TDqyCiryaqIM0lmVw5jE63AxDI0=",
            "dev": true
        },
        "babel-plugin-syntax-jsx": {
            "version": "6.18.0",
            "resolved": "https://registry.npmjs.org/babel-plugin-syntax-jsx/-/babel-plugin-syntax-jsx-6.18.0.tgz",
            "integrity": "sha1-CvMqmm4Tyno/1QaeYtew9Y0NiUY=",
            "dev": true
        },
        "babel-plugin-transform-flow-strip-types": {
            "version": "6.22.0",
            "resolved": "https://registry.npmjs.org/babel-plugin-transform-flow-strip-types/-/babel-plugin-transform-flow-strip-types-6.22.0.tgz",
            "integrity": "sha1-hMtnKTXUNxT9wyvOhFaNh0Qc988=",
            "dev": true,
            "requires": {
                "babel-plugin-syntax-flow": "^6.18.0",
                "babel-runtime": "^6.22.0"
            }
        },
        "babel-plugin-transform-react-display-name": {
            "version": "6.25.0",
            "resolved": "https://registry.npmjs.org/babel-plugin-transform-react-display-name/-/babel-plugin-transform-react-display-name-6.25.0.tgz",
            "integrity": "sha1-Z+K/Hx6ck6sI25Z5LgU5K/LMKNE=",
            "dev": true,
            "requires": {
                "babel-runtime": "^6.22.0"
            }
        },
        "babel-plugin-transform-react-jsx": {
            "version": "6.24.1",
            "resolved": "https://registry.npmjs.org/babel-plugin-transform-react-jsx/-/babel-plugin-transform-react-jsx-6.24.1.tgz",
            "integrity": "sha1-hAoCjn30YN/DotKfDA2R9jduZqM=",
            "dev": true,
            "requires": {
                "babel-helper-builder-react-jsx": "^6.24.1",
                "babel-plugin-syntax-jsx": "^6.8.0",
                "babel-runtime": "^6.22.0"
            }
        },
        "babel-plugin-transform-react-jsx-self": {
            "version": "6.22.0",
            "resolved": "https://registry.npmjs.org/babel-plugin-transform-react-jsx-self/-/babel-plugin-transform-react-jsx-self-6.22.0.tgz",
            "integrity": "sha1-322AqdomEqEh5t3XVYvL7PBuY24=",
            "dev": true,
            "requires": {
                "babel-plugin-syntax-jsx": "^6.8.0",
                "babel-runtime": "^6.22.0"
            }
        },
        "babel-plugin-transform-react-jsx-source": {
            "version": "6.22.0",
            "resolved": "https://registry.npmjs.org/babel-plugin-transform-react-jsx-source/-/babel-plugin-transform-react-jsx-source-6.22.0.tgz",
            "integrity": "sha1-ZqwSFT9c0tF7PBkmj0vwGX9E7NY=",
            "dev": true,
            "requires": {
                "babel-plugin-syntax-jsx": "^6.8.0",
                "babel-runtime": "^6.22.0"
            }
        },
        "babel-preset-flow": {
            "version": "6.23.0",
            "resolved": "https://registry.npmjs.org/babel-preset-flow/-/babel-preset-flow-6.23.0.tgz",
            "integrity": "sha1-5xIYiHCFrpoktb5Baa/7WZgWxJ0=",
            "dev": true,
            "requires": {
                "babel-plugin-transform-flow-strip-types": "^6.22.0"
            }
        },
        "babel-preset-react": {
            "version": "6.24.1",
            "resolved": "https://registry.npmjs.org/babel-preset-react/-/babel-preset-react-6.24.1.tgz",
            "integrity": "sha1-umnfrqRfw+xjm2pOzqbhdwLJE4A=",
            "dev": true,
            "requires": {
                "babel-plugin-syntax-jsx": "^6.3.13",
                "babel-plugin-transform-react-display-name": "^6.23.0",
                "babel-plugin-transform-react-jsx": "^6.24.1",
                "babel-plugin-transform-react-jsx-self": "^6.22.0",
                "babel-plugin-transform-react-jsx-source": "^6.22.0",
                "babel-preset-flow": "^6.23.0"
            }
        },
        "babel-runtime": {
            "version": "6.26.0",
            "resolved": "https://registry.npmjs.org/babel-runtime/-/babel-runtime-6.26.0.tgz",
            "integrity": "sha1-llxwWGaOgrVde/4E/yM3vItWR/4=",
            "requires": {
                "core-js": "^2.4.0",
                "regenerator-runtime": "^0.11.0"
            }
        },
        "babel-types": {
            "version": "6.26.0",
            "resolved": "https://registry.npmjs.org/babel-types/-/babel-types-6.26.0.tgz",
            "integrity": "sha1-o7Bz+Uq0nrb6Vc1lInozQ4BjJJc=",
            "dev": true,
            "requires": {
                "babel-runtime": "^6.26.0",
                "esutils": "^2.0.2",
                "lodash": "^4.17.4",
                "to-fast-properties": "^1.0.3"
            }
        },
        "classnames": {
            "version": "2.2.6",
            "resolved": "https://registry.npmjs.org/classnames/-/classnames-2.2.6.tgz",
            "integrity": "sha512-JR/iSQOSt+LQIWwrwEzJ9uk0xfN3mTVYMwt1Ir5mUcSN6pU+V4zQFFaJsclJbPuAUQH+yfWef6tm7l1quW3C8Q=="
        },
        "core-js": {
            "version": "2.5.7",
            "resolved": "https://registry.npmjs.org/core-js/-/core-js-2.5.7.tgz",
            "integrity": "sha512-RszJCAxg/PP6uzXVXL6BsxSXx/B05oJAQ2vkJRjyjrEcNVycaqOmNb5OTxZPE3xa5gwZduqza6L9JOCenh/Ecw=="
        },
        "csstype": {
            "version": "3.1.0",
            "resolved": "https://registry.npmjs.org/csstype/-/csstype-3.1.0.tgz",
            "integrity": "sha512-uX1KG+x9h5hIJsaKR9xHUeUraxf8IODOwq9JLNPq6BwB04a/xgpq3rcx47l5BZu5zBPlgD342tdke3Hom/nJRA=="
        },
        "debug": {
            "version": "3.1.0",
            "resolved": "https://registry.npmjs.org/debug/-/debug-3.1.0.tgz",
            "integrity": "sha512-OX8XqP7/1a9cqkxYw2yXss15f26NKWBpDXQd0/uK/KPqdQhxbPa994hnzjcE2VqQpDslf55723cKPUOGSmMY3g==",
            "dev": true,
            "requires": {
                "ms": "2.0.0"
            }
        },
        "deep-diff": {
            "version": "0.3.8",
            "resolved": "https://registry.npmjs.org/deep-diff/-/deep-diff-0.3.8.tgz",
            "integrity": "sha1-wB3mPvsO7JeYgB1Ax+Da4ltYLIQ="
        },
        "dequal": {
            "version": "2.0.3",
            "resolved": "https://registry.npmjs.org/dequal/-/dequal-2.0.3.tgz",
            "integrity": "sha512-0je+qPKHEMohvfRTCEo3CrPG6cAzAYgmzKyxRiYSSDkS6eGJdyVJm7WaYA5ECaAD9wLB2T4EEeymA5aFVcYXCA=="
        },
        "dom-helpers": {
            "version": "5.2.1",
            "resolved": "https://registry.npmjs.org/dom-helpers/-/dom-helpers-5.2.1.tgz",
            "integrity": "sha512-nRCa7CK3VTrM2NmGkIy4cbK7IZlgBE/PYMn55rrXefr5xXDP0LdtfPnblFDoVdcAfslJ7or6iqAUnx0CCGIWQA==",
            "requires": {
                "@babel/runtime": "^7.8.7",
                "csstype": "^3.0.2"
            },
            "dependencies": {
                "@babel/runtime": {
                    "version": "7.18.9",
                    "resolved": "https://registry.npmjs.org/@babel/runtime/-/runtime-7.18.9.tgz",
                    "integrity": "sha512-lkqXDcvlFT5rvEjiu6+QYO+1GXrEHRo2LOtS7E4GtX5ESIZOgepqsZBVIj6Pv+a6zqsya9VCgiK1KAK4BvJDAw==",
                    "requires": {
                        "regenerator-runtime": "^0.13.4"
                    }
                },
                "regenerator-runtime": {
                    "version": "0.13.9",
                    "resolved": "https://registry.npmjs.org/regenerator-runtime/-/regenerator-runtime-0.13.9.tgz",
                    "integrity": "sha512-p3VT+cOEgxFsRRA9X4lkI1E+k2/CtnKtU4gcxyaCUreilL/vqI6CdZ3wxVUx3UOUg+gnUOQQcRI7BmSI656MYA=="
                }
            }
        },
        "encoding": {
            "version": "0.1.12",
            "resolved": "https://registry.npmjs.org/encoding/-/encoding-0.1.12.tgz",
            "integrity": "sha1-U4tm8+5izRq1HsMjgp0flIDHS+s=",
            "requires": {
                "iconv-lite": "~0.4.13"
            }
        },
        "esutils": {
            "version": "2.0.2",
            "resolved": "https://registry.npmjs.org/esutils/-/esutils-2.0.2.tgz",
            "integrity": "sha1-Cr9PHKpbyx96nYrMbepPqqBLrJs=",
            "dev": true
        },
        "exenv": {
            "version": "1.2.2",
            "resolved": "https://registry.npmjs.org/exenv/-/exenv-1.2.2.tgz",
            "integrity": "sha1-KueOhdmJQVhnCwPUe+wfA72Ru50="
        },
        "fbjs": {
            "version": "0.8.16",
            "resolved": "https://registry.npmjs.org/fbjs/-/fbjs-0.8.16.tgz",
            "integrity": "sha1-XmdDL1UNxBtXK/VYR7ispk5TN9s=",
            "requires": {
                "core-js": "^1.0.0",
                "isomorphic-fetch": "^2.1.1",
                "loose-envify": "^1.0.0",
                "object-assign": "^4.1.0",
                "promise": "^7.1.1",
                "setimmediate": "^1.0.5",
                "ua-parser-js": "^0.7.9"
            },
            "dependencies": {
                "core-js": {
                    "version": "1.2.7",
                    "resolved": "https://registry.npmjs.org/core-js/-/core-js-1.2.7.tgz",
                    "integrity": "sha1-ZSKUwUZR2yj6k70tX/KYOk8IxjY="
                }
            }
        },
        "history": {
            "version": "4.10.1",
            "resolved": "https://registry.npmjs.org/history/-/history-4.10.1.tgz",
            "integrity": "sha512-36nwAD620w12kuzPAsyINPWJqlNbij+hpK1k9XRloDtym8mxzGYl2c17LnV6IAGB2Dmg4tEa7G7DlawS0+qjew==",
            "requires": {
                "@babel/runtime": "^7.1.2",
                "loose-envify": "^1.2.0",
                "resolve-pathname": "^3.0.0",
                "tiny-invariant": "^1.0.2",
                "tiny-warning": "^1.0.0",
                "value-equal": "^1.0.1"
            }
        },
        "hoist-non-react-statics": {
            "version": "2.5.5",
            "resolved": "https://registry.npmjs.org/hoist-non-react-statics/-/hoist-non-react-statics-2.5.5.tgz",
            "integrity": "sha512-rqcy4pJo55FTTLWt+bU8ukscqHeE/e9KWvsOW2b/a3afxQZhwkQdT1rPPCJ0rYXdj4vNcasY8zHTH+jF/qStxw=="
        },
        "iconv-lite": {
            "version": "0.4.19",
            "resolved": "https://registry.npmjs.org/iconv-lite/-/iconv-lite-0.4.19.tgz",
            "integrity": "sha512-oTZqweIP51xaGPI4uPa56/Pri/480R+mo7SeU+YETByQNhDG55ycFyNLIgta9vXhILrxXDmF7ZGhqZIcuN0gJQ=="
        },
        "invariant": {
            "version": "2.2.4",
            "resolved": "https://registry.npmjs.org/invariant/-/invariant-2.2.4.tgz",
            "integrity": "sha512-phJfQVBuaJM5raOpJjSfkiD6BpbCE4Ns//LaXl6wGYtUBY83nWS6Rf9tXm2e8VaK60JEjYldbPif/A2B1C2gNA==",
            "requires": {
                "loose-envify": "^1.0.0"
            }
        },
        "is-stream": {
            "version": "1.1.0",
            "resolved": "https://registry.npmjs.org/is-stream/-/is-stream-1.1.0.tgz",
            "integrity": "sha1-EtSj3U5o4Lec6428hBc66A2RykQ="
        },
        "isomorphic-fetch": {
            "version": "2.2.1",
            "resolved": "https://registry.npmjs.org/isomorphic-fetch/-/isomorphic-fetch-2.2.1.tgz",
            "integrity": "sha1-YRrhrPFPXoH3KVB0coGf6XM1WKk=",
            "requires": {
                "node-fetch": "^1.0.1",
                "whatwg-fetch": ">=0.10.0"
            }
        },
        "js-tokens": {
            "version": "3.0.2",
            "resolved": "https://registry.npmjs.org/js-tokens/-/js-tokens-3.0.2.tgz",
            "integrity": "sha1-mGbfOVECEw449/mWvOtlRDIJwls="
        },
        "keyboard-key": {
            "version": "1.0.2",
            "resolved": "https://registry.npmjs.org/keyboard-key/-/keyboard-key-1.0.2.tgz",
            "integrity": "sha512-05cjQmw4ss/YuY2utmVim0wywDyBZGUivo8siLPkWinwGWtKlO8/4RGbPUqNycwlD3u/3D15eNRjnNAyaTDs8g=="
        },
        "lodash": {
            "version": "4.17.15",
            "resolved": "https://registry.npmjs.org/lodash/-/lodash-4.17.15.tgz",
            "integrity": "sha512-8xOcRHvCjnocdS5cpwXQXVzmmh5e5+saE2QGoeQmbKmRS6J3VQppPOIt0MnmE+4xlZoumy0GPG0D0MVIQbNA1A=="
        },
        "loose-envify": {
            "version": "1.3.1",
            "resolved": "https://registry.npmjs.org/loose-envify/-/loose-envify-1.3.1.tgz",
            "integrity": "sha1-0aitM/qc4OcT1l/dCsi3SNR4yEg=",
            "requires": {
                "js-tokens": "^3.0.0"
            }
        },
        "ms": {
            "version": "2.0.0",
            "resolved": "https://registry.npmjs.org/ms/-/ms-2.0.0.tgz",
            "integrity": "sha1-VgiurfwAvmwpAd9fmGF4jeDVl8g=",
            "dev": true
        },
        "node-fetch": {
            "version": "1.7.3",
            "resolved": "https://registry.npmjs.org/node-fetch/-/node-fetch-1.7.3.tgz",
            "integrity": "sha512-NhZ4CsKx7cYm2vSrBAr2PvFOe6sWDf0UYLRqA6svUYg7+/TSfVAu49jYC4BvQ4Sms9SZgdqGBgroqfDhJdTyKQ==",
            "requires": {
                "encoding": "^0.1.11",
                "is-stream": "^1.0.1"
            }
        },
        "object-assign": {
            "version": "4.1.1",
            "resolved": "https://registry.npmjs.org/object-assign/-/object-assign-4.1.1.tgz",
            "integrity": "sha1-IQmtx5ZYh8/AXLvUQsrIv7s2CGM="
        },
        "promise": {
            "version": "7.3.1",
            "resolved": "https://registry.npmjs.org/promise/-/promise-7.3.1.tgz",
            "integrity": "sha512-nolQXZ/4L+bP/UGlkfaIujX9BKxGwmQ9OT4mOt5yvy8iK1h3wqTEJCijzGANTCCl9nWjY41juyAn2K3Q1hLLTg==",
            "requires": {
                "asap": "~2.0.3"
            }
        },
        "prop-types": {
            "version": "15.6.1",
            "resolved": "https://registry.npmjs.org/prop-types/-/prop-types-15.6.1.tgz",
            "integrity": "sha512-4ec7bY1Y66LymSUOH/zARVYObB23AT2h8cf6e/O6ZALB/N0sqZFEx7rq6EYPX2MkOdKORuooI/H5k9TlR4q7kQ==",
            "requires": {
                "fbjs": "^0.8.16",
                "loose-envify": "^1.3.1",
                "object-assign": "^4.1.1"
            }
        },
        "prop-types-extra": {
            "version": "1.1.1",
            "resolved": "https://registry.npmjs.org/prop-types-extra/-/prop-types-extra-1.1.1.tgz",
            "integrity": "sha512-59+AHNnHYCdiC+vMwY52WmvP5dM3QLeoumYuEyceQDi9aEhtwN9zIQ2ZNo25sMyXnbh32h+P1ezDsUpUH3JAew==",
            "requires": {
                "react-is": "^16.3.2",
                "warning": "^4.0.0"
            },
            "dependencies": {
                "warning": {
                    "version": "4.0.3",
                    "resolved": "https://registry.npmjs.org/warning/-/warning-4.0.3.tgz",
                    "integrity": "sha512-rpJyN222KWIvHJ/F53XSZv0Zl/accqHR8et1kpaMTD/fLCRxtV8iX8czMzY7sVZupTI3zcUTg8eycS2kNF9l6w==",
                    "requires": {
                        "loose-envify": "^1.0.0"
                    }
                }
            }
        },
        "react-bootstrap": {
            "version": "1.6.6",
            "resolved": "https://registry.npmjs.org/react-bootstrap/-/react-bootstrap-1.6.6.tgz",
            "integrity": "sha512-pSzYyJT5u4rc8+5myM8Vid2JG52L8AmYSkpznReH/GM4+FhLqEnxUa0+6HRTaGwjdEixQNGchwY+b3xCdYWrDA==",
            "requires": {
                "@babel/runtime": "^7.14.0",
                "@restart/context": "^2.1.4",
                "@restart/hooks": "^0.4.7",
                "@types/invariant": "^2.2.33",
                "@types/prop-types": "^15.7.3",
                "@types/react": ">=16.14.8",
                "@types/react-transition-group": "^4.4.1",
                "@types/warning": "^3.0.0",
                "classnames": "^2.3.1",
                "dom-helpers": "^5.2.1",
                "invariant": "^2.2.4",
                "prop-types": "^15.7.2",
                "prop-types-extra": "^1.1.0",
                "react-overlays": "^5.1.2",
                "react-transition-group": "^4.4.1",
                "uncontrollable": "^7.2.1",
                "warning": "^4.0.3"
            },
            "dependencies": {
                "@babel/runtime": {
                    "version": "7.18.9",
                    "resolved": "https://registry.npmjs.org/@babel/runtime/-/runtime-7.18.9.tgz",
                    "integrity": "sha512-lkqXDcvlFT5rvEjiu6+QYO+1GXrEHRo2LOtS7E4GtX5ESIZOgepqsZBVIj6Pv+a6zqsya9VCgiK1KAK4BvJDAw==",
                    "requires": {
                        "regenerator-runtime": "^0.13.4"
                    }
                },
                "classnames": {
                    "version": "2.3.1",
                    "resolved": "https://registry.npmjs.org/classnames/-/classnames-2.3.1.tgz",
                    "integrity": "sha512-OlQdbZ7gLfGarSqxesMesDa5uz7KFbID8Kpq/SxIoNGDqY8lSYs0D+hhtBXhcdB3rcbXArFr7vlHheLk1voeNA=="
                },
                "loose-envify": {
                    "version": "1.4.0",
                    "resolved": "https://registry.npmjs.org/loose-envify/-/loose-envify-1.4.0.tgz",
                    "integrity": "sha512-lyuxPGr/Wfhrlem2CL/UcnUc1zcqKAImBDzukY7Y5F/yQiNdko6+fRLevlw1HgMySw7f611UIY408EtxRSoK3Q==",
                    "requires": {
                        "js-tokens": "^3.0.0 || ^4.0.0"
                    }
                },
                "prop-types": {
                    "version": "15.8.1",
                    "resolved": "https://registry.npmjs.org/prop-types/-/prop-types-15.8.1.tgz",
                    "integrity": "sha512-oj87CgZICdulUohogVAR7AjlC0327U4el4L6eAvOqCeudMDVU0NThNaV+b9Df4dXgSP1gXMTnPdhfe/2qDH5cg==",
                    "requires": {
                        "loose-envify": "^1.4.0",
                        "object-assign": "^4.1.1",
                        "react-is": "^16.13.1"
                    }
                },
                "regenerator-runtime": {
                    "version": "0.13.9",
                    "resolved": "https://registry.npmjs.org/regenerator-runtime/-/regenerator-runtime-0.13.9.tgz",
                    "integrity": "sha512-p3VT+cOEgxFsRRA9X4lkI1E+k2/CtnKtU4gcxyaCUreilL/vqI6CdZ3wxVUx3UOUg+gnUOQQcRI7BmSI656MYA=="
                },
                "warning": {
                    "version": "4.0.3",
                    "resolved": "https://registry.npmjs.org/warning/-/warning-4.0.3.tgz",
                    "integrity": "sha512-rpJyN222KWIvHJ/F53XSZv0Zl/accqHR8et1kpaMTD/fLCRxtV8iX8czMzY7sVZupTI3zcUTg8eycS2kNF9l6w==",
                    "requires": {
                        "loose-envify": "^1.0.0"
                    }
                }
            }
        },
        "react-bootstrap-table": {
            "version": "4.3.1",
            "resolved": "https://registry.npmjs.org/react-bootstrap-table/-/react-bootstrap-table-4.3.1.tgz",
            "integrity": "sha1-9wS+Vbf2vwVX0vxb7G0l/TB9DN4=",
            "requires": {
                "classnames": "^2.1.2",
                "prop-types": "^15.5.10",
                "react-modal": "^3.1.7",
                "react-s-alert": "^1.3.2"
            }
        },
        "react-dropzone": {
            "version": "4.3.0",
            "resolved": "https://registry.npmjs.org/react-dropzone/-/react-dropzone-4.3.0.tgz",
            "integrity": "sha512-ULfrLaTSsd8BDa9KVAGCueuq1AN3L14dtMsGGqtP0UwYyjG4Vhf158f/ITSHuSPYkZXbvfcIiOlZsH+e3QWm+Q==",
            "requires": {
                "attr-accept": "^1.1.3",
                "prop-types": "^15.5.7"
            }
        },
        "react-is": {
            "version": "16.13.1",
            "resolved": "https://registry.npmjs.org/react-is/-/react-is-16.13.1.tgz",
            "integrity": "sha512-24e6ynE2H+OKt4kqsOvNd8kBpV65zoxbA4BVsEOB3ARVWQki/DHzaUoC5KuON/BiccDaCCTZBuOcfZs70kR8bQ=="
        },
        "react-lifecycles-compat": {
            "version": "3.0.4",
            "resolved": "https://registry.npmjs.org/react-lifecycles-compat/-/react-lifecycles-compat-3.0.4.tgz",
            "integrity": "sha512-fBASbA6LnOU9dOU2eW7aQ8xmYBSXUIWr+UmF9b1efZBazGNO+rcXT/icdKnYm2pTwcRylVUYwW7H1PHfLekVzA=="
        },
        "react-modal": {
            "version": "3.6.1",
            "resolved": "https://registry.npmjs.org/react-modal/-/react-modal-3.6.1.tgz",
            "integrity": "sha512-vAhnawahH1fz8A5x/X/1X20KHMe6Q0mkfU5BKPgKSVPYhMhsxtRbNHSitsoJ7/oP27xZo3naZZlwYuuzuSO1xw==",
            "requires": {
                "exenv": "^1.2.0",
                "prop-types": "^15.5.10",
                "react-lifecycles-compat": "^3.0.0",
                "warning": "^3.0.0"
            }
        },
        "react-overlays": {
            "version": "5.2.0",
            "resolved": "https://registry.npmjs.org/react-overlays/-/react-overlays-5.2.0.tgz",
            "integrity": "sha512-dKZR/w6qeAsW0z0aIlwq/5H/M6o5T4RSlPnqIKqYVJ++rjoPSFcVggPhDWno8awZQsuMMtkjuksTbE8vOY0s9g==",
            "requires": {
                "@babel/runtime": "^7.13.8",
                "@popperjs/core": "^2.8.6",
                "@restart/hooks": "^0.4.7",
                "@types/warning": "^3.0.0",
                "dom-helpers": "^5.2.0",
                "prop-types": "^15.7.2",
                "uncontrollable": "^7.2.1",
                "warning": "^4.0.3"
            },
            "dependencies": {
                "@babel/runtime": {
                    "version": "7.18.9",
                    "resolved": "https://registry.npmjs.org/@babel/runtime/-/runtime-7.18.9.tgz",
                    "integrity": "sha512-lkqXDcvlFT5rvEjiu6+QYO+1GXrEHRo2LOtS7E4GtX5ESIZOgepqsZBVIj6Pv+a6zqsya9VCgiK1KAK4BvJDAw==",
                    "requires": {
                        "regenerator-runtime": "^0.13.4"
                    }
                },
                "loose-envify": {
                    "version": "1.4.0",
                    "resolved": "https://registry.npmjs.org/loose-envify/-/loose-envify-1.4.0.tgz",
                    "integrity": "sha512-lyuxPGr/Wfhrlem2CL/UcnUc1zcqKAImBDzukY7Y5F/yQiNdko6+fRLevlw1HgMySw7f611UIY408EtxRSoK3Q==",
                    "requires": {
                        "js-tokens": "^3.0.0 || ^4.0.0"
                    }
                },
                "prop-types": {
                    "version": "15.8.1",
                    "resolved": "https://registry.npmjs.org/prop-types/-/prop-types-15.8.1.tgz",
                    "integrity": "sha512-oj87CgZICdulUohogVAR7AjlC0327U4el4L6eAvOqCeudMDVU0NThNaV+b9Df4dXgSP1gXMTnPdhfe/2qDH5cg==",
                    "requires": {
                        "loose-envify": "^1.4.0",
                        "object-assign": "^4.1.1",
                        "react-is": "^16.13.1"
                    }
                },
                "regenerator-runtime": {
                    "version": "0.13.9",
                    "resolved": "https://registry.npmjs.org/regenerator-runtime/-/regenerator-runtime-0.13.9.tgz",
                    "integrity": "sha512-p3VT+cOEgxFsRRA9X4lkI1E+k2/CtnKtU4gcxyaCUreilL/vqI6CdZ3wxVUx3UOUg+gnUOQQcRI7BmSI656MYA=="
                },
                "warning": {
                    "version": "4.0.3",
                    "resolved": "https://registry.npmjs.org/warning/-/warning-4.0.3.tgz",
                    "integrity": "sha512-rpJyN222KWIvHJ/F53XSZv0Zl/accqHR8et1kpaMTD/fLCRxtV8iX8czMzY7sVZupTI3zcUTg8eycS2kNF9l6w==",
                    "requires": {
                        "loose-envify": "^1.0.0"
                    }
                }
            }
        },
        "react-redux": {
            "version": "5.1.2",
            "resolved": "https://registry.npmjs.org/react-redux/-/react-redux-5.1.2.tgz",
            "integrity": "sha512-Ns1G0XXc8hDyH/OcBHOxNgQx9ayH3SPxBnFCOidGKSle8pKihysQw2rG/PmciUQRoclhVBO8HMhiRmGXnDja9Q==",
            "requires": {
                "@babel/runtime": "^7.1.2",
                "hoist-non-react-statics": "^3.3.0",
                "invariant": "^2.2.4",
                "loose-envify": "^1.1.0",
                "prop-types": "^15.6.1",
                "react-is": "^16.6.0",
                "react-lifecycles-compat": "^3.0.0"
            },
            "dependencies": {
                "hoist-non-react-statics": {
                    "version": "3.3.2",
                    "resolved": "https://registry.npmjs.org/hoist-non-react-statics/-/hoist-non-react-statics-3.3.2.tgz",
                    "integrity": "sha512-/gGivxi8JPKWNm/W0jSmzcMPpfpPLc3dY/6GxhX2hQ9iGj3aDfklV4ET7NjKpSinLpJ5vafa9iiGIEZg10SfBw==",
                    "requires": {
                        "react-is": "^16.7.0"
                    }
                }
            }
        },
        "react-router": {
            "version": "4.3.1",
            "resolved": "https://registry.npmjs.org/react-router/-/react-router-4.3.1.tgz",
            "integrity": "sha512-yrvL8AogDh2X42Dt9iknk4wF4V8bWREPirFfS9gLU1huk6qK41sg7Z/1S81jjTrGHxa3B8R3J6xIkDAA6CVarg==",
            "requires": {
                "history": "^4.7.2",
                "hoist-non-react-statics": "^2.5.0",
                "invariant": "^2.2.4",
                "loose-envify": "^1.3.1",
                "path-to-regexp": "^1.7.0",
                "prop-types": "^15.6.1",
                "warning": "^4.0.1"
            },
            "dependencies": {
                "isarray": {
                    "version": "0.0.1",
                    "resolved": "https://registry.npmjs.org/isarray/-/isarray-0.0.1.tgz",
                    "integrity": "sha1-ihis/Kmo9Bd+Cav8YDiTmwXR7t8="
                },
                "path-to-regexp": {
                    "version": "1.7.0",
                    "resolved": "https://registry.npmjs.org/path-to-regexp/-/path-to-regexp-1.7.0.tgz",
                    "integrity": "sha1-Wf3g9DW62suhA6hOnTvGTpa5k30=",
                    "requires": {
                        "isarray": "0.0.1"
                    }
                },
                "warning": {
                    "version": "4.0.2",
                    "resolved": "https://registry.npmjs.org/warning/-/warning-4.0.2.tgz",
                    "integrity": "sha512-wbTp09q/9C+jJn4KKJfJfoS6VleK/Dti0yqWSm6KMvJ4MRCXFQNapHuJXutJIrWV0Cf4AhTdeIe4qdKHR1+Hug==",
                    "requires": {
                        "loose-envify": "^1.0.0"
                    }
                }
            }
        },
        "react-router-dom": {
            "version": "4.3.1",
            "resolved": "https://registry.npmjs.org/react-router-dom/-/react-router-dom-4.3.1.tgz",
            "integrity": "sha512-c/MlywfxDdCp7EnB7YfPMOfMD3tOtIjrQlj/CKfNMBxdmpJP8xcz5P/UAFn3JbnQCNUxsHyVVqllF9LhgVyFCA==",
            "requires": {
                "history": "^4.7.2",
                "invariant": "^2.2.4",
                "loose-envify": "^1.3.1",
                "prop-types": "^15.6.1",
                "react-router": "^4.3.1",
                "warning": "^4.0.1"
            },
            "dependencies": {
                "warning": {
                    "version": "4.0.2",
                    "resolved": "https://registry.npmjs.org/warning/-/warning-4.0.2.tgz",
                    "integrity": "sha512-wbTp09q/9C+jJn4KKJfJfoS6VleK/Dti0yqWSm6KMvJ4MRCXFQNapHuJXutJIrWV0Cf4AhTdeIe4qdKHR1+Hug==",
                    "requires": {
                        "loose-envify": "^1.0.0"
                    }
                }
            }
        },
        "react-s-alert": {
            "version": "1.4.1",
            "resolved": "https://registry.npmjs.org/react-s-alert/-/react-s-alert-1.4.1.tgz",
            "integrity": "sha512-+cSpVPe6YeGklhlo7zbVlB0Z6jdiU9HPmEVzp5nIhNm9lvdL7rVO2Jx09pCwT99GmODyoN0iNhbQku6r7six8A==",
            "requires": {
                "babel-runtime": "^6.23.0"
            }
        },
        "react-table": {
            "version": "6.11.5",
            "resolved": "https://registry.npmjs.org/react-table/-/react-table-6.11.5.tgz",
            "integrity": "sha512-LM+AS9v//7Y7lAlgTWW/cW6Sn5VOb3EsSkKQfQTzOW8FngB1FUskLLNEVkAYsTX9LjOWR3QlGjykJqCE6eXT/g==",
            "requires": {
                "@types/react-table": "^6.8.5",
                "classnames": "^2.2.5",
                "react-is": "^16.8.1"
            }
        },
        "react-transition-group": {
            "version": "4.4.5",
            "resolved": "https://registry.npmjs.org/react-transition-group/-/react-transition-group-4.4.5.tgz",
            "integrity": "sha512-pZcd1MCJoiKiBR2NRxeCRg13uCXbydPnmB4EOeRrY7480qNWO8IIgQG6zlDkm6uRMsURXPuKq0GWtiM59a5Q6g==",
            "requires": {
                "@babel/runtime": "^7.5.5",
                "dom-helpers": "^5.0.1",
                "loose-envify": "^1.4.0",
                "prop-types": "^15.6.2"
            },
            "dependencies": {
                "@babel/runtime": {
                    "version": "7.18.9",
                    "resolved": "https://registry.npmjs.org/@babel/runtime/-/runtime-7.18.9.tgz",
                    "integrity": "sha512-lkqXDcvlFT5rvEjiu6+QYO+1GXrEHRo2LOtS7E4GtX5ESIZOgepqsZBVIj6Pv+a6zqsya9VCgiK1KAK4BvJDAw==",
                    "requires": {
                        "regenerator-runtime": "^0.13.4"
                    }
                },
                "loose-envify": {
                    "version": "1.4.0",
                    "resolved": "https://registry.npmjs.org/loose-envify/-/loose-envify-1.4.0.tgz",
                    "integrity": "sha512-lyuxPGr/Wfhrlem2CL/UcnUc1zcqKAImBDzukY7Y5F/yQiNdko6+fRLevlw1HgMySw7f611UIY408EtxRSoK3Q==",
                    "requires": {
                        "js-tokens": "^3.0.0 || ^4.0.0"
                    }
                },
                "prop-types": {
                    "version": "15.8.1",
                    "resolved": "https://registry.npmjs.org/prop-types/-/prop-types-15.8.1.tgz",
                    "integrity": "sha512-oj87CgZICdulUohogVAR7AjlC0327U4el4L6eAvOqCeudMDVU0NThNaV+b9Df4dXgSP1gXMTnPdhfe/2qDH5cg==",
                    "requires": {
                        "loose-envify": "^1.4.0",
                        "object-assign": "^4.1.1",
                        "react-is": "^16.13.1"
                    }
                },
                "regenerator-runtime": {
                    "version": "0.13.9",
                    "resolved": "https://registry.npmjs.org/regenerator-runtime/-/regenerator-runtime-0.13.9.tgz",
                    "integrity": "sha512-p3VT+cOEgxFsRRA9X4lkI1E+k2/CtnKtU4gcxyaCUreilL/vqI6CdZ3wxVUx3UOUg+gnUOQQcRI7BmSI656MYA=="
                }
            }
        },
        "redux": {
            "version": "4.2.0",
            "resolved": "https://registry.npmjs.org/redux/-/redux-4.2.0.tgz",
            "integrity": "sha512-oSBmcKKIuIR4ME29/AeNUnl5L+hvBq7OaJWzaptTQJAntaPvxIJqfnjbaEiCzzaIz+XmVILfqAM3Ob0aXLPfjA==",
            "requires": {
                "@babel/runtime": "^7.9.2"
            },
            "dependencies": {
                "@babel/runtime": {
                    "version": "7.18.9",
                    "resolved": "https://registry.npmjs.org/@babel/runtime/-/runtime-7.18.9.tgz",
                    "integrity": "sha512-lkqXDcvlFT5rvEjiu6+QYO+1GXrEHRo2LOtS7E4GtX5ESIZOgepqsZBVIj6Pv+a6zqsya9VCgiK1KAK4BvJDAw==",
                    "requires": {
                        "regenerator-runtime": "^0.13.4"
                    }
                },
                "regenerator-runtime": {
                    "version": "0.13.9",
                    "resolved": "https://registry.npmjs.org/regenerator-runtime/-/regenerator-runtime-0.13.9.tgz",
                    "integrity": "sha512-p3VT+cOEgxFsRRA9X4lkI1E+k2/CtnKtU4gcxyaCUreilL/vqI6CdZ3wxVUx3UOUg+gnUOQQcRI7BmSI656MYA=="
                }
            }
        },
        "redux-logger": {
            "version": "3.0.6",
            "resolved": "https://registry.npmjs.org/redux-logger/-/redux-logger-3.0.6.tgz",
            "integrity": "sha1-91VZZvMJjzyIYExEnPC69XeCdL8=",
            "requires": {
                "deep-diff": "^0.3.5"
            }
        },
        "redux-thunk": {
            "version": "2.4.1",
            "resolved": "https://registry.npmjs.org/redux-thunk/-/redux-thunk-2.4.1.tgz",
            "integrity": "sha512-OOYGNY5Jy2TWvTL1KgAlVy6dcx3siPJ1wTq741EPyUKfn6W6nChdICjZwCd0p8AZBs5kWpZlbkXW2nE/zjUa+Q=="
        },
        "regenerator-runtime": {
            "version": "0.11.1",
            "resolved": "https://registry.npmjs.org/regenerator-runtime/-/regenerator-runtime-0.11.1.tgz",
            "integrity": "sha512-MguG95oij0fC3QV3URf4V2SDYGJhJnJGqvIIgdECeODCT98wSWDAJ94SSuVpYQUoTcGUIL6L4yNB7j1DFFHSBg=="
        },
        "resolve-pathname": {
            "version": "3.0.0",
            "resolved": "https://registry.npmjs.org/resolve-pathname/-/resolve-pathname-3.0.0.tgz",
            "integrity": "sha512-C7rARubxI8bXFNB/hqcp/4iUeIXJhJZvFPFPiSPRnhU5UPxzMFIl+2E6yY6c4k9giDJAhtV+enfA+G89N6Csng=="
        },
        "riek": {
            "version": "1.1.0",
            "resolved": "https://registry.npmjs.org/riek/-/riek-1.1.0.tgz",
            "integrity": "sha1-6oVNtKTtCWIw/wQ4JQjW374pWZQ=",
            "dev": true,
            "requires": {
                "debug": "^2.6.8",
                "prop-types": "^15.5.10"
            },
            "dependencies": {
                "debug": {
                    "version": "2.6.9",
                    "resolved": "https://registry.npmjs.org/debug/-/debug-2.6.9.tgz",
                    "integrity": "sha512-bC7ElrdJaJnPbAP+1EotYvqZsb3ecl5wi6Bfi6BJTUcNowp6cvspg0jXznRTKDjm/E7AdgFBVeAPVMNcKGsHMA==",
                    "dev": true,
                    "requires": {
                        "ms": "2.0.0"
                    }
                }
            }
        },
        "semantic-ui-react": {
            "version": "0.81.3",
            "resolved": "https://registry.npmjs.org/semantic-ui-react/-/semantic-ui-react-0.81.3.tgz",
            "integrity": "sha512-AGLKjtWT0HnOyduMJn+6T4JmV5DfEuOfN2iSpBmQ5ZNJxrmdD4hoiskP89MUT7JD4Mno7aH8KkzdIKxavxpJUw==",
            "requires": {
                "@babel/runtime": "^7.0.0-beta.49",
                "classnames": "^2.2.5",
                "keyboard-key": "^1.0.1",
                "lodash": "^4.17.10",
                "prop-types": "^15.6.1",
                "shallowequal": "^1.0.2"
            }
        },
        "setimmediate": {
            "version": "1.0.5",
            "resolved": "https://registry.npmjs.org/setimmediate/-/setimmediate-1.0.5.tgz",
            "integrity": "sha1-KQy7Iy4waULX1+qbg3Mqt4VvgoU="
        },
        "shallowequal": {
            "version": "1.1.0",
            "resolved": "https://registry.npmjs.org/shallowequal/-/shallowequal-1.1.0.tgz",
            "integrity": "sha512-y0m1JoUZSlPAjXVtPPW70aZWfIL/dSP7AFkRnniLCrK/8MDKog3TySTBmckD+RObVxH0v4Tox67+F14PdED2oQ=="
        },
        "tiny-invariant": {
            "version": "1.2.0",
            "resolved": "https://registry.npmjs.org/tiny-invariant/-/tiny-invariant-1.2.0.tgz",
            "integrity": "sha512-1Uhn/aqw5C6RI4KejVeTg6mIS7IqxnLJ8Mv2tV5rTc0qWobay7pDUz6Wi392Cnc8ak1H0F2cjoRzb2/AW4+Fvg=="
        },
        "tiny-warning": {
            "version": "1.0.3",
            "resolved": "https://registry.npmjs.org/tiny-warning/-/tiny-warning-1.0.3.tgz",
            "integrity": "sha512-lBN9zLN/oAf68o3zNXYrdCt1kP8WsiGW8Oo2ka41b2IM5JL/S1CTyX1rW0mb/zSuJun0ZUrDxx4sqvYS2FWzPA=="
        },
        "to-fast-properties": {
            "version": "1.0.3",
            "resolved": "https://registry.npmjs.org/to-fast-properties/-/to-fast-properties-1.0.3.tgz",
            "integrity": "sha1-uDVx+k2MJbguIxsG46MFXeTKGkc=",
            "dev": true
        },
        "ua-parser-js": {
            "version": "0.7.18",
            "resolved": "https://registry.npmjs.org/ua-parser-js/-/ua-parser-js-0.7.18.tgz",
            "integrity": "sha512-LtzwHlVHwFGTptfNSgezHp7WUlwiqb0gA9AALRbKaERfxwJoiX0A73QbTToxteIAuIaFshhgIZfqK8s7clqgnA=="
        },
        "uncontrollable": {
            "version": "7.2.1",
            "resolved": "https://registry.npmjs.org/uncontrollable/-/uncontrollable-7.2.1.tgz",
            "integrity": "sha512-svtcfoTADIB0nT9nltgjujTi7BzVmwjZClOmskKu/E8FW9BXzg9os8OLr4f8Dlnk0rYWJIWr4wv9eKUXiQvQwQ==",
            "requires": {
                "@babel/runtime": "^7.6.3",
                "@types/react": ">=16.9.11",
                "invariant": "^2.2.4",
                "react-lifecycles-compat": "^3.0.4"
            },
            "dependencies": {
                "@babel/runtime": {
                    "version": "7.18.9",
                    "resolved": "https://registry.npmjs.org/@babel/runtime/-/runtime-7.18.9.tgz",
                    "integrity": "sha512-lkqXDcvlFT5rvEjiu6+QYO+1GXrEHRo2LOtS7E4GtX5ESIZOgepqsZBVIj6Pv+a6zqsya9VCgiK1KAK4BvJDAw==",
                    "requires": {
                        "regenerator-runtime": "^0.13.4"
                    }
                },
                "regenerator-runtime": {
                    "version": "0.13.9",
                    "resolved": "https://registry.npmjs.org/regenerator-runtime/-/regenerator-runtime-0.13.9.tgz",
                    "integrity": "sha512-p3VT+cOEgxFsRRA9X4lkI1E+k2/CtnKtU4gcxyaCUreilL/vqI6CdZ3wxVUx3UOUg+gnUOQQcRI7BmSI656MYA=="
                }
            }
        },
        "value-equal": {
            "version": "1.0.1",
            "resolved": "https://registry.npmjs.org/value-equal/-/value-equal-1.0.1.tgz",
            "integrity": "sha512-NOJ6JZCAWr0zlxZt+xqCHNTEKOsrks2HQd4MqhP1qy4z1SkbEP467eNx6TgDKXMvUOb+OENfJCZwM+16n7fRfw=="
        },
        "warning": {
            "version": "3.0.0",
            "resolved": "https://registry.npmjs.org/warning/-/warning-3.0.0.tgz",
            "integrity": "sha1-MuU3fLVy3kqwR1O9+IIcAe1gW3w=",
            "requires": {
                "loose-envify": "^1.0.0"
            }
        },
        "whatwg-fetch": {
            "version": "2.0.4",
            "resolved": "https://registry.npmjs.org/whatwg-fetch/-/whatwg-fetch-2.0.4.tgz",
            "integrity": "sha512-dcQ1GWpOD/eEQ97k66aiEVpNnapVj90/+R+SXTPYGHpYBBypfKJEQjLrvMZ7YXbKm21gXd4NcuxUTjiv1YtLng=="
        }
    }
}
